
Microsoft Visual Studio Solution File, Format Version 12.00
Project("{FAE04EC0-301F-11D3-BF4B-00C04F79EFBC}") = "tdd_budget", "tdd_budget\tdd_budget.csproj", "{DE4021C9-A987-4076-A8EE-6720D20DC5D0}"
EndProject
Global
	GlobalSection(SolutionConfigurationPlatforms) = preSolution
		Debug|Any CPU = Debug|Any CPU
		Release|Any CPU = Release|Any CPU
	EndGlobalSection
	GlobalSection(ProjectConfigurationPlatforms) = postSolution
		{DE4021C9-A987-4076-A8EE-6720D20DC5D0}.Debug|Any CPU.ActiveCfg = Debug|Any CPU
		{DE4021C9-A987-4076-A8EE-6720D20DC5D0}.Debug|Any CPU.Build.0 = Debug|Any CPU
		{DE4021C9-A987-4076-A8EE-6720D20DC5D0}.Release|Any CPU.ActiveCfg = Release|Any CPU
		{DE4021C9-A987-4076-A8EE-6720D20DC5D0}.Release|Any CPU.Build.0 = Release|Any CPU
	EndGlobalSection
EndGlobal
